// !$*UTF8*$!
{
	archiveVersion = 1;
	classes = {
	};
	objectVersion = 50;
	objects = {

/* Begin PBXBuildFile section */
		05FAB0AD23925339005EDE16 /* NewsHelper.mm in Sources */ = {isa = PBXBuildFile; fileRef = 05FAB0AC23925339005EDE16 /* NewsHelper.mm */; };
		05FAB0B12392641E005EDE16 /* Services.plist in Resources */ = {isa = PBXBuildFile; fileRef = 05FAB0B02392641E005EDE16 /* Services.plist */; };
		05FAB0B423926A45005EDE16 /* BaseViewController.m in Sources */ = {isa = PBXBuildFile; fileRef = 05FAB0B323926A45005EDE16 /* BaseViewController.m */; };
		05FAB0B923926AFE005EDE16 /* LaunchViewController.mm in Sources */ = {isa = PBXBuildFile; fileRef = 05FAB0B823926AFE005EDE16 /* LaunchViewController.mm */; };
		05FAB0BC23926D61005EDE16 /* LaunchView.m in Sources */ = {isa = PBXBuildFile; fileRef = 05FAB0BB23926D61005EDE16 /* LaunchView.m */; };
		42070A5C9A680EB818CC7595 /* Pods_Pistacchio_PistacchioUITests.framework in Frameworks */ = {isa = PBXBuildFile; fileRef = 20C031C7CE5BC5D1272BB75A /* Pods_Pistacchio_PistacchioUITests.framework */; };
		BAE9296A8286DB6F0478B12A /* Pods_PistacchioTests.framework in Frameworks */ = {isa = PBXBuildFile; fileRef = B79A522D32966855767709BD /* Pods_PistacchioTests.framework */; };
		D2B45C746D91D11E17FA9453 /* Pods_Pistacchio.framework in Frameworks */ = {isa = PBXBuildFile; fileRef = 760A43BAEEAA57017D47C6A6 /* Pods_Pistacchio.framework */; };
		EAFC4AF32390AD3A003CC2AD /* AppDelegate.m in Sources */ = {isa = PBXBuildFile; fileRef = EAFC4AF22390AD3A003CC2AD /* AppDelegate.m */; };
		EAFC4AF62390AD3A003CC2AD /* SceneDelegate.m in Sources */ = {isa = PBXBuildFile; fileRef = EAFC4AF52390AD3A003CC2AD /* SceneDelegate.m */; };
		EAFC4AF92390AD3A003CC2AD /* ViewController.mm in Sources */ = {isa = PBXBuildFile; fileRef = EAFC4AF82390AD3A003CC2AD /* ViewController.mm */; };
		EAFC4AFC2390AD3A003CC2AD /* Main.storyboard in Resources */ = {isa = PBXBuildFile; fileRef = EAFC4AFA2390AD3A003CC2AD /* Main.storyboard */; };
		EAFC4AFE2390AD3E003CC2AD /* Assets.xcassets in Resources */ = {isa = PBXBuildFile; fileRef = EAFC4AFD2390AD3E003CC2AD /* Assets.xcassets */; };
		EAFC4B012390AD3E003CC2AD /* LaunchScreen.storyboard in Resources */ = {isa = PBXBuildFile; fileRef = EAFC4AFF2390AD3E003CC2AD /* LaunchScreen.storyboard */; };
		EAFC4B042390AD3E003CC2AD /* main.m in Sources */ = {isa = PBXBuildFile; fileRef = EAFC4B032390AD3E003CC2AD /* main.m */; };
		EAFC4B0E2390AD3E003CC2AD /* PistacchioTests.m in Sources */ = {isa = PBXBuildFile; fileRef = EAFC4B0D2390AD3E003CC2AD /* PistacchioTests.m */; };
		EAFC4B192390AD3E003CC2AD /* PistacchioUITests.m in Sources */ = {isa = PBXBuildFile; fileRef = EAFC4B182390AD3E003CC2AD /* PistacchioUITests.m */; };
/* End PBXBuildFile section */

/* Begin PBXContainerItemProxy section */
		EAFC4B0A2390AD3E003CC2AD /* PBXContainerItemProxy */ = {
			isa = PBXContainerItemProxy;
			containerPortal = EAFC4AE62390AD3A003CC2AD /* Project object */;
			proxyType = 1;
			remoteGlobalIDString = EAFC4AED2390AD3A003CC2AD;
			remoteInfo = Pistacchio;
		};
		EAFC4B152390AD3E003CC2AD /* PBXContainerItemProxy */ = {
			isa = PBXContainerItemProxy;
			containerPortal = EAFC4AE62390AD3A003CC2AD /* Project object */;
			proxyType = 1;
			remoteGlobalIDString = EAFC4AED2390AD3A003CC2AD;
			remoteInfo = Pistacchio;
		};
/* End PBXContainerItemProxy section */

/* Begin PBXFileReference section */
		05FAB0AB23925339005EDE16 /* NewsHelper.h */ = {isa = PBXFileReference; lastKnownFileType = sourcecode.c.h; name = NewsHelper.h; path = Pistacchio/Services/NewsHelper.h; sourceTree = SOURCE_ROOT; };
		05FAB0AC23925339005EDE16 /* NewsHelper.mm */ = {isa = PBXFileReference; lastKnownFileType = sourcecode.cpp.objcpp; name = NewsHelper.mm; path = Pistacchio/Services/NewsHelper.mm; sourceTree = SOURCE_ROOT; };
		05FAB0AF23925F61005EDE16 /* macros.h */ = {isa = PBXFileReference; lastKnownFileType = sourcecode.c.h; path = macros.h; sourceTree = "<group>"; };
		05FAB0B02392641E005EDE16 /* Services.plist */ = {isa = PBXFileReference; lastKnownFileType = text.plist.xml; path = Services.plist; sourceTree = "<group>"; };
		05FAB0B223926A45005EDE16 /* BaseViewController.h */ = {isa = PBXFileReference; lastKnownFileType = sourcecode.c.h; path = BaseViewController.h; sourceTree = "<group>"; };
		05FAB0B323926A45005EDE16 /* BaseViewController.m */ = {isa = PBXFileReference; lastKnownFileType = sourcecode.c.objc; path = BaseViewController.m; sourceTree = "<group>"; };
		05FAB0B723926AFE005EDE16 /* LaunchViewController.h */ = {isa = PBXFileReference; lastKnownFileType = sourcecode.c.h; path = LaunchViewController.h; sourceTree = "<group>"; };
		05FAB0B823926AFE005EDE16 /* LaunchViewController.mm */ = {isa = PBXFileReference; lastKnownFileType = sourcecode.cpp.objcpp; path = LaunchViewController.mm; sourceTree = "<group>"; };
		05FAB0BA23926D61005EDE16 /* LaunchView.h */ = {isa = PBXFileReference; lastKnownFileType = sourcecode.c.h; path = LaunchView.h; sourceTree = "<group>"; };
		05FAB0BB23926D61005EDE16 /* LaunchView.m */ = {isa = PBXFileReference; lastKnownFileType = sourcecode.c.objc; path = LaunchView.m; sourceTree = "<group>"; };
		20C031C7CE5BC5D1272BB75A /* Pods_Pistacchio_PistacchioUITests.framework */ = {isa = PBXFileReference; explicitFileType = wrapper.framework; includeInIndex = 0; path = Pods_Pistacchio_PistacchioUITests.framework; sourceTree = BUILT_PRODUCTS_DIR; };
		5093F19AF7FBAA62B4C90A2C /* Pods-PistacchioTests.release.xcconfig */ = {isa = PBXFileReference; includeInIndex = 1; lastKnownFileType = text.xcconfig; name = "Pods-PistacchioTests.release.xcconfig"; path = "Target Support Files/Pods-PistacchioTests/Pods-PistacchioTests.release.xcconfig"; sourceTree = "<group>"; };
		6E75B5EAA24A0CAA66433F41 /* Pods-PistacchioTests.debug.xcconfig */ = {isa = PBXFileReference; includeInIndex = 1; lastKnownFileType = text.xcconfig; name = "Pods-PistacchioTests.debug.xcconfig"; path = "Target Support Files/Pods-PistacchioTests/Pods-PistacchioTests.debug.xcconfig"; sourceTree = "<group>"; };
		760A43BAEEAA57017D47C6A6 /* Pods_Pistacchio.framework */ = {isa = PBXFileReference; explicitFileType = wrapper.framework; includeInIndex = 0; path = Pods_Pistacchio.framework; sourceTree = BUILT_PRODUCTS_DIR; };
		777CC78DCA0F61DF46330232 /* Pods-Pistacchio.debug.xcconfig */ = {isa = PBXFileReference; includeInIndex = 1; lastKnownFileType = text.xcconfig; name = "Pods-Pistacchio.debug.xcconfig"; path = "Target Support Files/Pods-Pistacchio/Pods-Pistacchio.debug.xcconfig"; sourceTree = "<group>"; };
		9C82F75E14776D4838D08C0C /* Pods-Pistacchio-PistacchioUITests.release.xcconfig */ = {isa = PBXFileReference; includeInIndex = 1; lastKnownFileType = text.xcconfig; name = "Pods-Pistacchio-PistacchioUITests.release.xcconfig"; path = "Target Support Files/Pods-Pistacchio-PistacchioUITests/Pods-Pistacchio-PistacchioUITests.release.xcconfig"; sourceTree = "<group>"; };
		B79A522D32966855767709BD /* Pods_PistacchioTests.framework */ = {isa = PBXFileReference; explicitFileType = wrapper.framework; includeInIndex = 0; path = Pods_PistacchioTests.framework; sourceTree = BUILT_PRODUCTS_DIR; };
		D83FB26F1C44424B60185CC1 /* Pods-Pistacchio-PistacchioUITests.debug.xcconfig */ = {isa = PBXFileReference; includeInIndex = 1; lastKnownFileType = text.xcconfig; name = "Pods-Pistacchio-PistacchioUITests.debug.xcconfig"; path = "Target Support Files/Pods-Pistacchio-PistacchioUITests/Pods-Pistacchio-PistacchioUITests.debug.xcconfig"; sourceTree = "<group>"; };
		D8F11ABE87FABE88EB05D937 /* Pods-Pistacchio.release.xcconfig */ = {isa = PBXFileReference; includeInIndex = 1; lastKnownFileType = text.xcconfig; name = "Pods-Pistacchio.release.xcconfig"; path = "Target Support Files/Pods-Pistacchio/Pods-Pistacchio.release.xcconfig"; sourceTree = "<group>"; };
		EAFC4AEE2390AD3A003CC2AD /* Pistacchio.app */ = {isa = PBXFileReference; explicitFileType = wrapper.application; includeInIndex = 0; path = Pistacchio.app; sourceTree = BUILT_PRODUCTS_DIR; };
		EAFC4AF12390AD3A003CC2AD /* AppDelegate.h */ = {isa = PBXFileReference; lastKnownFileType = sourcecode.c.h; path = AppDelegate.h; sourceTree = "<group>"; };
		EAFC4AF22390AD3A003CC2AD /* AppDelegate.m */ = {isa = PBXFileReference; lastKnownFileType = sourcecode.c.objc; path = AppDelegate.m; sourceTree = "<group>"; };
		EAFC4AF42390AD3A003CC2AD /* SceneDelegate.h */ = {isa = PBXFileReference; lastKnownFileType = sourcecode.c.h; path = SceneDelegate.h; sourceTree = "<group>"; };
		EAFC4AF52390AD3A003CC2AD /* SceneDelegate.m */ = {isa = PBXFileReference; lastKnownFileType = sourcecode.c.objc; path = SceneDelegate.m; sourceTree = "<group>"; };
		EAFC4AF72390AD3A003CC2AD /* ViewController.h */ = {isa = PBXFileReference; lastKnownFileType = sourcecode.c.h; path = ViewController.h; sourceTree = "<group>"; };
		EAFC4AF82390AD3A003CC2AD /* ViewController.mm */ = {isa = PBXFileReference; lastKnownFileType = sourcecode.cpp.objcpp; path = ViewController.mm; sourceTree = "<group>"; };
		EAFC4AFB2390AD3A003CC2AD /* Base */ = {isa = PBXFileReference; lastKnownFileType = file.storyboard; name = Base; path = Base.lproj/Main.storyboard; sourceTree = "<group>"; };
		EAFC4AFD2390AD3E003CC2AD /* Assets.xcassets */ = {isa = PBXFileReference; lastKnownFileType = folder.assetcatalog; path = Assets.xcassets; sourceTree = "<group>"; };
		EAFC4B002390AD3E003CC2AD /* Base */ = {isa = PBXFileReference; lastKnownFileType = file.storyboard; name = Base; path = Base.lproj/LaunchScreen.storyboard; sourceTree = "<group>"; };
		EAFC4B022390AD3E003CC2AD /* Info.plist */ = {isa = PBXFileReference; lastKnownFileType = text.plist.xml; path = Info.plist; sourceTree = "<group>"; };
		EAFC4B032390AD3E003CC2AD /* main.m */ = {isa = PBXFileReference; lastKnownFileType = sourcecode.c.objc; path = main.m; sourceTree = "<group>"; };
		EAFC4B092390AD3E003CC2AD /* PistacchioTests.xctest */ = {isa = PBXFileReference; explicitFileType = wrapper.cfbundle; includeInIndex = 0; path = PistacchioTests.xctest; sourceTree = BUILT_PRODUCTS_DIR; };
		EAFC4B0D2390AD3E003CC2AD /* PistacchioTests.m */ = {isa = PBXFileReference; lastKnownFileType = sourcecode.c.objc; path = PistacchioTests.m; sourceTree = "<group>"; };
		EAFC4B0F2390AD3E003CC2AD /* Info.plist */ = {isa = PBXFileReference; lastKnownFileType = text.plist.xml; path = Info.plist; sourceTree = "<group>"; };
		EAFC4B142390AD3E003CC2AD /* PistacchioUITests.xctest */ = {isa = PBXFileReference; explicitFileType = wrapper.cfbundle; includeInIndex = 0; path = PistacchioUITests.xctest; sourceTree = BUILT_PRODUCTS_DIR; };
		EAFC4B182390AD3E003CC2AD /* PistacchioUITests.m */ = {isa = PBXFileReference; lastKnownFileType = sourcecode.c.objc; path = PistacchioUITests.m; sourceTree = "<group>"; };
		EAFC4B1A2390AD3E003CC2AD /* Info.plist */ = {isa = PBXFileReference; lastKnownFileType = text.plist.xml; path = Info.plist; sourceTree = "<group>"; };
		EAFC4B282390B024003CC2AD /* NewsTopic.hpp */ = {isa = PBXFileReference; lastKnownFileType = sourcecode.cpp.h; path = NewsTopic.hpp; sourceTree = "<group>"; };
/* End PBXFileReference section */

/* Begin PBXFrameworksBuildPhase section */
		EAFC4AEB2390AD3A003CC2AD /* Frameworks */ = {
			isa = PBXFrameworksBuildPhase;
			buildActionMask = 2147483647;
			files = (
				D2B45C746D91D11E17FA9453 /* Pods_Pistacchio.framework in Frameworks */,
			);
			runOnlyForDeploymentPostprocessing = 0;
		};
		EAFC4B062390AD3E003CC2AD /* Frameworks */ = {
			isa = PBXFrameworksBuildPhase;
			buildActionMask = 2147483647;
			files = (
				BAE9296A8286DB6F0478B12A /* Pods_PistacchioTests.framework in Frameworks */,
			);
			runOnlyForDeploymentPostprocessing = 0;
		};
		EAFC4B112390AD3E003CC2AD /* Frameworks */ = {
			isa = PBXFrameworksBuildPhase;
			buildActionMask = 2147483647;
			files = (
				42070A5C9A680EB818CC7595 /* Pods_Pistacchio_PistacchioUITests.framework in Frameworks */,
			);
			runOnlyForDeploymentPostprocessing = 0;
		};
/* End PBXFrameworksBuildPhase section */

/* Begin PBXGroup section */
		05FAB0AE23925344005EDE16 /* Services */ = {
			isa = PBXGroup;
			children = (
				05FAB0AB23925339005EDE16 /* NewsHelper.h */,
				05FAB0AC23925339005EDE16 /* NewsHelper.mm */,
				05FAB0B02392641E005EDE16 /* Services.plist */,
			);
			path = Services;
			sourceTree = "<group>";
		};
		05FAB0B523926A81005EDE16 /* SupportFiles */ = {
			isa = PBXGroup;
			children = (
				EAFC4AF12390AD3A003CC2AD /* AppDelegate.h */,
				EAFC4AF22390AD3A003CC2AD /* AppDelegate.m */,
				EAFC4AF42390AD3A003CC2AD /* SceneDelegate.h */,
				EAFC4AF52390AD3A003CC2AD /* SceneDelegate.m */,
				EAFC4AFD2390AD3E003CC2AD /* Assets.xcassets */,
				EAFC4B032390AD3E003CC2AD /* main.m */,
				05FAB0AF23925F61005EDE16 /* macros.h */,
			);
			path = SupportFiles;
			sourceTree = "<group>";
		};
		05FAB0B623926ADA005EDE16 /* Storyboards */ = {
			isa = PBXGroup;
			children = (
				EAFC4AFA2390AD3A003CC2AD /* Main.storyboard */,
				EAFC4AFF2390AD3E003CC2AD /* LaunchScreen.storyboard */,
			);
			path = Storyboards;
			sourceTree = "<group>";
		};
		92FC694A55DF77BE2BEFD0B8 /* Pods */ = {
			isa = PBXGroup;
			children = (
				777CC78DCA0F61DF46330232 /* Pods-Pistacchio.debug.xcconfig */,
				D8F11ABE87FABE88EB05D937 /* Pods-Pistacchio.release.xcconfig */,
				D83FB26F1C44424B60185CC1 /* Pods-Pistacchio-PistacchioUITests.debug.xcconfig */,
				9C82F75E14776D4838D08C0C /* Pods-Pistacchio-PistacchioUITests.release.xcconfig */,
				6E75B5EAA24A0CAA66433F41 /* Pods-PistacchioTests.debug.xcconfig */,
				5093F19AF7FBAA62B4C90A2C /* Pods-PistacchioTests.release.xcconfig */,
			);
			path = Pods;
			sourceTree = "<group>";
		};
		DA2157B3C3FAC6F27BC35657 /* Frameworks */ = {
			isa = PBXGroup;
			children = (
				760A43BAEEAA57017D47C6A6 /* Pods_Pistacchio.framework */,
				20C031C7CE5BC5D1272BB75A /* Pods_Pistacchio_PistacchioUITests.framework */,
				B79A522D32966855767709BD /* Pods_PistacchioTests.framework */,
			);
			name = Frameworks;
			sourceTree = "<group>";
		};
		EAFC4AE52390AD3A003CC2AD = {
			isa = PBXGroup;
			children = (
				EAFC4AF02390AD3A003CC2AD /* Pistacchio */,
				EAFC4B0C2390AD3E003CC2AD /* PistacchioTests */,
				EAFC4B172390AD3E003CC2AD /* PistacchioUITests */,
				EAFC4AEF2390AD3A003CC2AD /* Products */,
				92FC694A55DF77BE2BEFD0B8 /* Pods */,
				DA2157B3C3FAC6F27BC35657 /* Frameworks */,
			);
			sourceTree = "<group>";
		};
		EAFC4AEF2390AD3A003CC2AD /* Products */ = {
			isa = PBXGroup;
			children = (
				EAFC4AEE2390AD3A003CC2AD /* Pistacchio.app */,
				EAFC4B092390AD3E003CC2AD /* PistacchioTests.xctest */,
				EAFC4B142390AD3E003CC2AD /* PistacchioUITests.xctest */,
			);
			name = Products;
			sourceTree = "<group>";
		};
		EAFC4AF02390AD3A003CC2AD /* Pistacchio */ = {
			isa = PBXGroup;
			children = (
				05FAB0B623926ADA005EDE16 /* Storyboards */,
				05FAB0B523926A81005EDE16 /* SupportFiles */,
				EAFC4B262390AD51003CC2AD /* Model */,
				05FAB0AE23925344005EDE16 /* Services */,
				EAFC4AF72390AD3A003CC2AD /* ViewController.h */,
				EAFC4AF82390AD3A003CC2AD /* ViewController.mm */,
				05FAB0B223926A45005EDE16 /* BaseViewController.h */,
				05FAB0B323926A45005EDE16 /* BaseViewController.m */,
				05FAB0B723926AFE005EDE16 /* LaunchViewController.h */,
				05FAB0BA23926D61005EDE16 /* LaunchView.h */,
				05FAB0BB23926D61005EDE16 /* LaunchView.m */,
				05FAB0B823926AFE005EDE16 /* LaunchViewController.mm */,
				EAFC4B022390AD3E003CC2AD /* Info.plist */,
			);
			path = Pistacchio;
			sourceTree = "<group>";
		};
		EAFC4B0C2390AD3E003CC2AD /* PistacchioTests */ = {
			isa = PBXGroup;
			children = (
				EAFC4B0D2390AD3E003CC2AD /* PistacchioTests.m */,
				EAFC4B0F2390AD3E003CC2AD /* Info.plist */,
			);
			path = PistacchioTests;
			sourceTree = "<group>";
		};
		EAFC4B172390AD3E003CC2AD /* PistacchioUITests */ = {
			isa = PBXGroup;
			children = (
				EAFC4B182390AD3E003CC2AD /* PistacchioUITests.m */,
				EAFC4B1A2390AD3E003CC2AD /* Info.plist */,
			);
			path = PistacchioUITests;
			sourceTree = "<group>";
		};
		EAFC4B262390AD51003CC2AD /* Model */ = {
			isa = PBXGroup;
			children = (
				EAFC4B282390B024003CC2AD /* NewsTopic.hpp */,
			);
			path = Model;
			sourceTree = "<group>";
		};
/* End PBXGroup section */

/* Begin PBXNativeTarget section */
		EAFC4AED2390AD3A003CC2AD /* Pistacchio */ = {
			isa = PBXNativeTarget;
			buildConfigurationList = EAFC4B1D2390AD3E003CC2AD /* Build configuration list for PBXNativeTarget "Pistacchio" */;
			buildPhases = (
				80E0E5B4D07B713311ADD0F3 /* [CP] Check Pods Manifest.lock */,
				EAFC4AEA2390AD3A003CC2AD /* Sources */,
				EAFC4AEB2390AD3A003CC2AD /* Frameworks */,
				EAFC4AEC2390AD3A003CC2AD /* Resources */,
				9D0F639684E82EDAF0E2DE0D /* [CP] Embed Pods Frameworks */,
			);
			buildRules = (
			);
			dependencies = (
			);
			name = Pistacchio;
			productName = Pistacchio;
			productReference = EAFC4AEE2390AD3A003CC2AD /* Pistacchio.app */;
			productType = "com.apple.product-type.application";
		};
		EAFC4B082390AD3E003CC2AD /* PistacchioTests */ = {
			isa = PBXNativeTarget;
			buildConfigurationList = EAFC4B202390AD3E003CC2AD /* Build configuration list for PBXNativeTarget "PistacchioTests" */;
			buildPhases = (
				D13BED661919FE2E04785435 /* [CP] Check Pods Manifest.lock */,
				EAFC4B052390AD3E003CC2AD /* Sources */,
				EAFC4B062390AD3E003CC2AD /* Frameworks */,
				EAFC4B072390AD3E003CC2AD /* Resources */,
			);
			buildRules = (
			);
			dependencies = (
				EAFC4B0B2390AD3E003CC2AD /* PBXTargetDependency */,
			);
			name = PistacchioTests;
			productName = PistacchioTests;
			productReference = EAFC4B092390AD3E003CC2AD /* PistacchioTests.xctest */;
			productType = "com.apple.product-type.bundle.unit-test";
		};
		EAFC4B132390AD3E003CC2AD /* PistacchioUITests */ = {
			isa = PBXNativeTarget;
			buildConfigurationList = EAFC4B232390AD3E003CC2AD /* Build configuration list for PBXNativeTarget "PistacchioUITests" */;
			buildPhases = (
				BC57364EC672429F5E129963 /* [CP] Check Pods Manifest.lock */,
				EAFC4B102390AD3E003CC2AD /* Sources */,
				EAFC4B112390AD3E003CC2AD /* Frameworks */,
				EAFC4B122390AD3E003CC2AD /* Resources */,
				E8F98ABDD22DCAD49D2C7A03 /* [CP] Embed Pods Frameworks */,
			);
			buildRules = (
			);
			dependencies = (
				EAFC4B162390AD3E003CC2AD /* PBXTargetDependency */,
			);
			name = PistacchioUITests;
			productName = PistacchioUITests;
			productReference = EAFC4B142390AD3E003CC2AD /* PistacchioUITests.xctest */;
			productType = "com.apple.product-type.bundle.ui-testing";
		};
/* End PBXNativeTarget section */

/* Begin PBXProject section */
		EAFC4AE62390AD3A003CC2AD /* Project object */ = {
			isa = PBXProject;
			attributes = {
				LastUpgradeCheck = 1120;
				ORGANIZATIONNAME = "Liguo Jiao";
				TargetAttributes = {
					EAFC4AED2390AD3A003CC2AD = {
						CreatedOnToolsVersion = 11.2.1;
					};
					EAFC4B082390AD3E003CC2AD = {
						CreatedOnToolsVersion = 11.2.1;
						TestTargetID = EAFC4AED2390AD3A003CC2AD;
					};
					EAFC4B132390AD3E003CC2AD = {
						CreatedOnToolsVersion = 11.2.1;
						TestTargetID = EAFC4AED2390AD3A003CC2AD;
					};
				};
			};
			buildConfigurationList = EAFC4AE92390AD3A003CC2AD /* Build configuration list for PBXProject "Pistacchio" */;
			compatibilityVersion = "Xcode 9.3";
			developmentRegion = en;
			hasScannedForEncodings = 0;
			knownRegions = (
				en,
				Base,
			);
			mainGroup = EAFC4AE52390AD3A003CC2AD;
			productRefGroup = EAFC4AEF2390AD3A003CC2AD /* Products */;
			projectDirPath = "";
			projectRoot = "";
			targets = (
				EAFC4AED2390AD3A003CC2AD /* Pistacchio */,
				EAFC4B082390AD3E003CC2AD /* PistacchioTests */,
				EAFC4B132390AD3E003CC2AD /* PistacchioUITests */,
			);
		};
/* End PBXProject section */

/* Begin PBXResourcesBuildPhase section */
		EAFC4AEC2390AD3A003CC2AD /* Resources */ = {
			isa = PBXResourcesBuildPhase;
			buildActionMask = 2147483647;
			files = (
				05FAB0B12392641E005EDE16 /* Services.plist in Resources */,
				EAFC4B012390AD3E003CC2AD /* LaunchScreen.storyboard in Resources */,
				EAFC4AFE2390AD3E003CC2AD /* Assets.xcassets in Resources */,
				EAFC4AFC2390AD3A003CC2AD /* Main.storyboard in Resources */,
			);
			runOnlyForDeploymentPostprocessing = 0;
		};
		EAFC4B072390AD3E003CC2AD /* Resources */ = {
			isa = PBXResourcesBuildPhase;
			buildActionMask = 2147483647;
			files = (
			);
			runOnlyForDeploymentPostprocessing = 0;
		};
		EAFC4B122390AD3E003CC2AD /* Resources */ = {
			isa = PBXResourcesBuildPhase;
			buildActionMask = 2147483647;
			files = (
			);
			runOnlyForDeploymentPostprocessing = 0;
		};
/* End PBXResourcesBuildPhase section */

/* Begin PBXShellScriptBuildPhase section */
		80E0E5B4D07B713311ADD0F3 /* [CP] Check Pods Manifest.lock */ = {
			isa = PBXShellScriptBuildPhase;
			buildActionMask = 2147483647;
			files = (
			);
			inputFileListPaths = (
			);
			inputPaths = (
				"${PODS_PODFILE_DIR_PATH}/Podfile.lock",
				"${PODS_ROOT}/Manifest.lock",
			);
			name = "[CP] Check Pods Manifest.lock";
			outputFileListPaths = (
			);
			outputPaths = (
				"$(DERIVED_FILE_DIR)/Pods-Pistacchio-checkManifestLockResult.txt",
			);
			runOnlyForDeploymentPostprocessing = 0;
			shellPath = /bin/sh;
			shellScript = "diff \"${PODS_PODFILE_DIR_PATH}/Podfile.lock\" \"${PODS_ROOT}/Manifest.lock\" > /dev/null\nif [ $? != 0 ] ; then\n    # print error to STDERR\n    echo \"error: The sandbox is not in sync with the Podfile.lock. Run 'pod install' or update your CocoaPods installation.\" >&2\n    exit 1\nfi\n# This output is used by Xcode 'outputs' to avoid re-running this script phase.\necho \"SUCCESS\" > \"${SCRIPT_OUTPUT_FILE_0}\"\n";
			showEnvVarsInLog = 0;
		};
		9D0F639684E82EDAF0E2DE0D /* [CP] Embed Pods Frameworks */ = {
			isa = PBXShellScriptBuildPhase;
			buildActionMask = 2147483647;
			files = (
			);
			inputFileListPaths = (
				"${PODS_ROOT}/Target Support Files/Pods-Pistacchio/Pods-Pistacchio-frameworks-${CONFIGURATION}-input-files.xcfilelist",
			);
			name = "[CP] Embed Pods Frameworks";
			outputFileListPaths = (
				"${PODS_ROOT}/Target Support Files/Pods-Pistacchio/Pods-Pistacchio-frameworks-${CONFIGURATION}-output-files.xcfilelist",
			);
			runOnlyForDeploymentPostprocessing = 0;
			shellPath = /bin/sh;
			shellScript = "\"${PODS_ROOT}/Target Support Files/Pods-Pistacchio/Pods-Pistacchio-frameworks.sh\"\n";
			showEnvVarsInLog = 0;
		};
		BC57364EC672429F5E129963 /* [CP] Check Pods Manifest.lock */ = {
			isa = PBXShellScriptBuildPhase;
			buildActionMask = 2147483647;
			files = (
			);
			inputFileListPaths = (
			);
			inputPaths = (
				"${PODS_PODFILE_DIR_PATH}/Podfile.lock",
				"${PODS_ROOT}/Manifest.lock",
			);
			name = "[CP] Check Pods Manifest.lock";
			outputFileListPaths = (
			);
			outputPaths = (
				"$(DERIVED_FILE_DIR)/Pods-Pistacchio-PistacchioUITests-checkManifestLockResult.txt",
			);
			runOnlyForDeploymentPostprocessing = 0;
			shellPath = /bin/sh;
			shellScript = "diff \"${PODS_PODFILE_DIR_PATH}/Podfile.lock\" \"${PODS_ROOT}/Manifest.lock\" > /dev/null\nif [ $? != 0 ] ; then\n    # print error to STDERR\n    echo \"error: The sandbox is not in sync with the Podfile.lock. Run 'pod install' or update your CocoaPods installation.\" >&2\n    exit 1\nfi\n# This output is used by Xcode 'outputs' to avoid re-running this script phase.\necho \"SUCCESS\" > \"${SCRIPT_OUTPUT_FILE_0}\"\n";
			showEnvVarsInLog = 0;
		};
		D13BED661919FE2E04785435 /* [CP] Check Pods Manifest.lock */ = {
			isa = PBXShellScriptBuildPhase;
			buildActionMask = 2147483647;
			files = (
			);
			inputFileListPaths = (
			);
			inputPaths = (
				"${PODS_PODFILE_DIR_PATH}/Podfile.lock",
				"${PODS_ROOT}/Manifest.lock",
			);
			name = "[CP] Check Pods Manifest.lock";
			outputFileListPaths = (
			);
			outputPaths = (
				"$(DERIVED_FILE_DIR)/Pods-PistacchioTests-checkManifestLockResult.txt",
			);
			runOnlyForDeploymentPostprocessing = 0;
			shellPath = /bin/sh;
			shellScript = "diff \"${PODS_PODFILE_DIR_PATH}/Podfile.lock\" \"${PODS_ROOT}/Manifest.lock\" > /dev/null\nif [ $? != 0 ] ; then\n    # print error to STDERR\n    echo \"error: The sandbox is not in sync with the Podfile.lock. Run 'pod install' or update your CocoaPods installation.\" >&2\n    exit 1\nfi\n# This output is used by Xcode 'outputs' to avoid re-running this script phase.\necho \"SUCCESS\" > \"${SCRIPT_OUTPUT_FILE_0}\"\n";
			showEnvVarsInLog = 0;
		};
		E8F98ABDD22DCAD49D2C7A03 /* [CP] Embed Pods Frameworks */ = {
			isa = PBXShellScriptBuildPhase;
			buildActionMask = 2147483647;
			files = (
			);
			inputFileListPaths = (
				"${PODS_ROOT}/Target Support Files/Pods-Pistacchio-PistacchioUITests/Pods-Pistacchio-PistacchioUITests-frameworks-${CONFIGURATION}-input-files.xcfilelist",
			);
			name = "[CP] Embed Pods Frameworks";
			outputFileListPaths = (
				"${PODS_ROOT}/Target Support Files/Pods-Pistacchio-PistacchioUITests/Pods-Pistacchio-PistacchioUITests-frameworks-${CONFIGURATION}-output-files.xcfilelist",
			);
			runOnlyForDeploymentPostprocessing = 0;
			shellPath = /bin/sh;
			shellScript = "\"${PODS_ROOT}/Target Support Files/Pods-Pistacchio-PistacchioUITests/Pods-Pistacchio-PistacchioUITests-frameworks.sh\"\n";
			showEnvVarsInLog = 0;
		};
/* End PBXShellScriptBuildPhase section */

/* Begin PBXSourcesBuildPhase section */
		EAFC4AEA2390AD3A003CC2AD /* Sources */ = {
			isa = PBXSourcesBuildPhase;
			buildActionMask = 2147483647;
			files = (
				EAFC4AF92390AD3A003CC2AD /* ViewController.mm in Sources */,
				05FAB0B423926A45005EDE16 /* BaseViewController.m in Sources */,
				EAFC4AF32390AD3A003CC2AD /* AppDelegate.m in Sources */,
				05FAB0B923926AFE005EDE16 /* LaunchViewController.mm in Sources */,
				EAFC4B042390AD3E003CC2AD /* main.m in Sources */,
				05FAB0BC23926D61005EDE16 /* LaunchView.m in Sources */,
				05FAB0AD23925339005EDE16 /* NewsHelper.mm in Sources */,
				EAFC4AF62390AD3A003CC2AD /* SceneDelegate.m in Sources */,
			);
			runOnlyForDeploymentPostprocessing = 0;
		};
		EAFC4B052390AD3E003CC2AD /* Sources */ = {
			isa = PBXSourcesBuildPhase;
			buildActionMask = 2147483647;
			files = (
				EAFC4B0E2390AD3E003CC2AD /* PistacchioTests.m in Sources */,
			);
			runOnlyForDeploymentPostprocessing = 0;
		};
		EAFC4B102390AD3E003CC2AD /* Sources */ = {
			isa = PBXSourcesBuildPhase;
			buildActionMask = 2147483647;
			files = (
				EAFC4B192390AD3E003CC2AD /* PistacchioUITests.m in Sources */,
			);
			runOnlyForDeploymentPostprocessing = 0;
		};
/* End PBXSourcesBuildPhase section */

/* Begin PBXTargetDependency section */
		EAFC4B0B2390AD3E003CC2AD /* PBXTargetDependency */ = {
			isa = PBXTargetDependency;
			target = EAFC4AED2390AD3A003CC2AD /* Pistacchio */;
			targetProxy = EAFC4B0A2390AD3E003CC2AD /* PBXContainerItemProxy */;
		};
		EAFC4B162390AD3E003CC2AD /* PBXTargetDependency */ = {
			isa = PBXTargetDependency;
			target = EAFC4AED2390AD3A003CC2AD /* Pistacchio */;
			targetProxy = EAFC4B152390AD3E003CC2AD /* PBXContainerItemProxy */;
		};
/* End PBXTargetDependency section */

/* Begin PBXVariantGroup section */
		EAFC4AFA2390AD3A003CC2AD /* Main.storyboard */ = {
			isa = PBXVariantGroup;
			children = (
				EAFC4AFB2390AD3A003CC2AD /* Base */,
			);
			name = Main.storyboard;
			sourceTree = "<group>";
		};
		EAFC4AFF2390AD3E003CC2AD /* LaunchScreen.storyboard */ = {
			isa = PBXVariantGroup;
			children = (
				EAFC4B002390AD3E003CC2AD /* Base */,
			);
			name = LaunchScreen.storyboard;
			sourceTree = "<group>";
		};
/* End PBXVariantGroup section */

/* Begin XCBuildConfiguration section */
		EAFC4B1B2390AD3E003CC2AD /* Debug */ = {
			isa = XCBuildConfiguration;
			buildSettings = {
				ALWAYS_SEARCH_USER_PATHS = NO;
				CLANG_ANALYZER_NONNULL = YES;
				CLANG_ANALYZER_NUMBER_OBJECT_CONVERSION = YES_AGGRESSIVE;
				CLANG_CXX_LANGUAGE_STANDARD = "gnu++14";
				CLANG_CXX_LIBRARY = "libc++";
				CLANG_ENABLE_MODULES = YES;
				CLANG_ENABLE_OBJC_ARC = YES;
				CLANG_ENABLE_OBJC_WEAK = YES;
				CLANG_WARN_BLOCK_CAPTURE_AUTORELEASING = YES;
				CLANG_WARN_BOOL_CONVERSION = YES;
				CLANG_WARN_COMMA = YES;
				CLANG_WARN_CONSTANT_CONVERSION = YES;
				CLANG_WARN_DEPRECATED_OBJC_IMPLEMENTATIONS = YES;
				CLANG_WARN_DIRECT_OBJC_ISA_USAGE = YES_ERROR;
				CLANG_WARN_DOCUMENTATION_COMMENTS = YES;
				CLANG_WARN_EMPTY_BODY = YES;
				CLANG_WARN_ENUM_CONVERSION = YES;
				CLANG_WARN_INFINITE_RECURSION = YES;
				CLANG_WARN_INT_CONVERSION = YES;
				CLANG_WARN_NON_LITERAL_NULL_CONVERSION = YES;
				CLANG_WARN_OBJC_IMPLICIT_RETAIN_SELF = YES;
				CLANG_WARN_OBJC_LITERAL_CONVERSION = YES;
				CLANG_WARN_OBJC_ROOT_CLASS = YES_ERROR;
				CLANG_WARN_RANGE_LOOP_ANALYSIS = YES;
				CLANG_WARN_STRICT_PROTOTYPES = YES;
				CLANG_WARN_SUSPICIOUS_MOVE = YES;
				CLANG_WARN_UNGUARDED_AVAILABILITY = YES_AGGRESSIVE;
				CLANG_WARN_UNREACHABLE_CODE = YES;
				CLANG_WARN__DUPLICATE_METHOD_MATCH = YES;
				COPY_PHASE_STRIP = NO;
				DEBUG_INFORMATION_FORMAT = dwarf;
				ENABLE_STRICT_OBJC_MSGSEND = YES;
				ENABLE_TESTABILITY = YES;
				GCC_C_LANGUAGE_STANDARD = gnu11;
				GCC_DYNAMIC_NO_PIC = NO;
				GCC_NO_COMMON_BLOCKS = YES;
				GCC_OPTIMIZATION_LEVEL = 0;
				GCC_PREPROCESSOR_DEFINITIONS = (
					"DEBUG=1",
					"$(inherited)",
				);
				GCC_WARN_64_TO_32_BIT_CONVERSION = YES;
				GCC_WARN_ABOUT_RETURN_TYPE = YES_ERROR;
				GCC_WARN_UNDECLARED_SELECTOR = YES;
				GCC_WARN_UNINITIALIZED_AUTOS = YES_AGGRESSIVE;
				GCC_WARN_UNUSED_FUNCTION = YES;
				GCC_WARN_UNUSED_VARIABLE = YES;
				IPHONEOS_DEPLOYMENT_TARGET = 13.2;
				MTL_ENABLE_DEBUG_INFO = INCLUDE_SOURCE;
				MTL_FAST_MATH = YES;
				ONLY_ACTIVE_ARCH = YES;
				SDKROOT = iphoneos;
			};
			name = Debug;
		};
		EAFC4B1C2390AD3E003CC2AD /* Release */ = {
			isa = XCBuildConfiguration;
			buildSettings = {
				ALWAYS_SEARCH_USER_PATHS = NO;
				CLANG_ANALYZER_NONNULL = YES;
				CLANG_ANALYZER_NUMBER_OBJECT_CONVERSION = YES_AGGRESSIVE;
				CLANG_CXX_LANGUAGE_STANDARD = "gnu++14";
				CLANG_CXX_LIBRARY = "libc++";
				CLANG_ENABLE_MODULES = YES;
				CLANG_ENABLE_OBJC_ARC = YES;
				CLANG_ENABLE_OBJC_WEAK = YES;
				CLANG_WARN_BLOCK_CAPTURE_AUTORELEASING = YES;
				CLANG_WARN_BOOL_CONVERSION = YES;
				CLANG_WARN_COMMA = YES;
				CLANG_WARN_CONSTANT_CONVERSION = YES;
				CLANG_WARN_DEPRECATED_OBJC_IMPLEMENTATIONS = YES;
				CLANG_WARN_DIRECT_OBJC_ISA_USAGE = YES_ERROR;
				CLANG_WARN_DOCUMENTATION_COMMENTS = YES;
				CLANG_WARN_EMPTY_BODY = YES;
				CLANG_WARN_ENUM_CONVERSION = YES;
				CLANG_WARN_INFINITE_RECURSION = YES;
				CLANG_WARN_INT_CONVERSION = YES;
				CLANG_WARN_NON_LITERAL_NULL_CONVERSION = YES;
				CLANG_WARN_OBJC_IMPLICIT_RETAIN_SELF = YES;
				CLANG_WARN_OBJC_LITERAL_CONVERSION = YES;
				CLANG_WARN_OBJC_ROOT_CLASS = YES_ERROR;
				CLANG_WARN_RANGE_LOOP_ANALYSIS = YES;
				CLANG_WARN_STRICT_PROTOTYPES = YES;
				CLANG_WARN_SUSPICIOUS_MOVE = YES;
				CLANG_WARN_UNGUARDED_AVAILABILITY = YES_AGGRESSIVE;
				CLANG_WARN_UNREACHABLE_CODE = YES;
				CLANG_WARN__DUPLICATE_METHOD_MATCH = YES;
				COPY_PHASE_STRIP = NO;
				DEBUG_INFORMATION_FORMAT = "dwarf-with-dsym";
				ENABLE_NS_ASSERTIONS = NO;
				ENABLE_STRICT_OBJC_MSGSEND = YES;
				GCC_C_LANGUAGE_STANDARD = gnu11;
				GCC_NO_COMMON_BLOCKS = YES;
				GCC_WARN_64_TO_32_BIT_CONVERSION = YES;
				GCC_WARN_ABOUT_RETURN_TYPE = YES_ERROR;
				GCC_WARN_UNDECLARED_SELECTOR = YES;
				GCC_WARN_UNINITIALIZED_AUTOS = YES_AGGRESSIVE;
				GCC_WARN_UNUSED_FUNCTION = YES;
				GCC_WARN_UNUSED_VARIABLE = YES;
				IPHONEOS_DEPLOYMENT_TARGET = 13.2;
				MTL_ENABLE_DEBUG_INFO = NO;
				MTL_FAST_MATH = YES;
				SDKROOT = iphoneos;
				VALIDATE_PRODUCT = YES;
			};
			name = Release;
		};
		EAFC4B1E2390AD3E003CC2AD /* Debug */ = {
			isa = XCBuildConfiguration;
			baseConfigurationReference = 777CC78DCA0F61DF46330232 /* Pods-Pistacchio.debug.xcconfig */;
			buildSettings = {
				ASSETCATALOG_COMPILER_APPICON_NAME = AppIcon;
				CLANG_CXX_LANGUAGE_STANDARD = "c++17";
				CODE_SIGN_STYLE = Automatic;
				DEVELOPMENT_TEAM = 8436A3G9R2;
				INFOPLIST_FILE = Pistacchio/Info.plist;
				LD_RUNPATH_SEARCH_PATHS = (
					"$(inherited)",
					"@executable_path/Frameworks",
				);
				PRODUCT_BUNDLE_IDENTIFIER = com.liguo.jiao.Pistacchio;
				PRODUCT_NAME = "$(TARGET_NAME)";
				TARGETED_DEVICE_FAMILY = "1,2";
			};
			name = Debug;
		};
		EAFC4B1F2390AD3E003CC2AD /* Release */ = {
			isa = XCBuildConfiguration;
			baseConfigurationReference = D8F11ABE87FABE88EB05D937 /* Pods-Pistacchio.release.xcconfig */;
			buildSettings = {
				ASSETCATALOG_COMPILER_APPICON_NAME = AppIcon;
				CLANG_CXX_LANGUAGE_STANDARD = "c++17";
				CODE_SIGN_STYLE = Automatic;
				DEVELOPMENT_TEAM = 8436A3G9R2;
				INFOPLIST_FILE = Pistacchio/Info.plist;
				LD_RUNPATH_SEARCH_PATHS = (
					"$(inherited)",
					"@executable_path/Frameworks",
				);
				PRODUCT_BUNDLE_IDENTIFIER = com.liguo.jiao.Pistacchio;
				PRODUCT_NAME = "$(TARGET_NAME)";
				TARGETED_DEVICE_FAMILY = "1,2";
			};
			name = Release;
		};
		EAFC4B212390AD3E003CC2AD /* Debug */ = {
			isa = XCBuildConfiguration;
			baseConfigurationReference = 6E75B5EAA24A0CAA66433F41 /* Pods-PistacchioTests.debug.xcconfig */;
			buildSettings = {
				BUNDLE_LOADER = "$(TEST_HOST)";
				CODE_SIGN_STYLE = Automatic;
				DEVELOPMENT_TEAM = 8436A3G9R2;
				INFOPLIST_FILE = PistacchioTests/Info.plist;
				IPHONEOS_DEPLOYMENT_TARGET = 13.2;
				LD_RUNPATH_SEARCH_PATHS = (
					"$(inherited)",
					"@executable_path/Frameworks",
					"@loader_path/Frameworks",
				);
				PRODUCT_BUNDLE_IDENTIFIER = com.liguo.jiao.PistacchioTests;
				PRODUCT_NAME = "$(TARGET_NAME)";
				TARGETED_DEVICE_FAMILY = "1,2";
				TEST_HOST = "$(BUILT_PRODUCTS_DIR)/Pistacchio.app/Pistacchio";
			};
			name = Debug;
		};
		EAFC4B222390AD3E003CC2AD /* Release */ = {
			isa = XCBuildConfiguration;
			baseConfigurationReference = 5093F19AF7FBAA62B4C90A2C /* Pods-PistacchioTests.release.xcconfig */;
			buildSettings = {
				BUNDLE_LOADER = "$(TEST_HOST)";
				CODE_SIGN_STYLE = Automatic;
				DEVELOPMENT_TEAM = 8436A3G9R2;
				INFOPLIST_FILE = PistacchioTests/Info.plist;
				IPHONEOS_DEPLOYMENT_TARGET = 13.2;
				LD_RUNPATH_SEARCH_PATHS = (
					"$(inherited)",
					"@executable_path/Frameworks",
					"@loader_path/Frameworks",
				);
				PRODUCT_BUNDLE_IDENTIFIER = com.liguo.jiao.PistacchioTests;
				PRODUCT_NAME = "$(TARGET_NAME)";
				TARGETED_DEVICE_FAMILY = "1,2";
				TEST_HOST = "$(BUILT_PRODUCTS_DIR)/Pistacchio.app/Pistacchio";
			};
			name = Release;
		};
		EAFC4B242390AD3E003CC2AD /* Debug */ = {
			isa = XCBuildConfiguration;
			baseConfigurationReference = D83FB26F1C44424B60185CC1 /* Pods-Pistacchio-PistacchioUITests.debug.xcconfig */;
			buildSettings = {
				CODE_SIGN_STYLE = Automatic;
				DEVELOPMENT_TEAM = 8436A3G9R2;
				INFOPLIST_FILE = PistacchioUITests/Info.plist;
				LD_RUNPATH_SEARCH_PATHS = (
					"$(inherited)",
					"@executable_path/Frameworks",
					"@loader_path/Frameworks",
				);
				PRODUCT_BUNDLE_IDENTIFIER = com.liguo.jiao.PistacchioUITests;
				PRODUCT_NAME = "$(TARGET_NAME)";
				TARGETED_DEVICE_FAMILY = "1,2";
				TEST_TARGET_NAME = Pistacchio;
			};
			name = Debug;
		};
		EAFC4B252390AD3E003CC2AD /* Release */ = {
			isa = XCBuildConfiguration;
			baseConfigurationReference = 9C82F75E14776D4838D08C0C /* Pods-Pistacchio-PistacchioUITests.release.xcconfig */;
			buildSettings = {
				CODE_SIGN_STYLE = Automatic;
				DEVELOPMENT_TEAM = 8436A3G9R2;
				INFOPLIST_FILE = PistacchioUITests/Info.plist;
				LD_RUNPATH_SEARCH_PATHS = (
					"$(inherited)",
					"@executable_path/Frameworks",
					"@loader_path/Frameworks",
				);
				PRODUCT_BUNDLE_IDENTIFIER = com.liguo.jiao.PistacchioUITests;
				PRODUCT_NAME = "$(TARGET_NAME)";
				TARGETED_DEVICE_FAMILY = "1,2";
				TEST_TARGET_NAME = Pistacchio;
			};
			name = Release;
		};
/* End XCBuildConfiguration section */

/* Begin XCConfigurationList section */
		EAFC4AE92390AD3A003CC2AD /* Build configuration list for PBXProject "Pistacchio" */ = {
			isa = XCConfigurationList;
			buildConfigurations = (
				EAFC4B1B2390AD3E003CC2AD /* Debug */,
				EAFC4B1C2390AD3E003CC2AD /* Release */,
			);
			defaultConfigurationIsVisible = 0;
			defaultConfigurationName = Release;
		};
		EAFC4B1D2390AD3E003CC2AD /* Build configuration list for PBXNativeTarget "Pistacchio" */ = {
			isa = XCConfigurationList;
			buildConfigurations = (
				EAFC4B1E2390AD3E003CC2AD /* Debug */,
				EAFC4B1F2390AD3E003CC2AD /* Release */,
			);
			defaultConfigurationIsVisible = 0;
			defaultConfigurationName = Release;
		};
		EAFC4B202390AD3E003CC2AD /* Build configuration list for PBXNativeTarget "PistacchioTests" */ = {
			isa = XCConfigurationList;
			buildConfigurations = (
				EAFC4B212390AD3E003CC2AD /* Debug */,
				EAFC4B222390AD3E003CC2AD /* Release */,
			);
			defaultConfigurationIsVisible = 0;
			defaultConfigurationName = Release;
		};
		EAFC4B232390AD3E003CC2AD /* Build configuration list for PBXNativeTarget "PistacchioUITests" */ = {
			isa = XCConfigurationList;
			buildConfigurations = (
				EAFC4B242390AD3E003CC2AD /* Debug */,
				EAFC4B252390AD3E003CC2AD /* Release */,
			);
			defaultConfigurationIsVisible = 0;
			defaultConfigurationName = Release;
		};
/* End XCConfigurationList section */
	};
	rootObject = EAFC4AE62390AD3A003CC2AD /* Project object */;
}
