PODS:
  - nlohmann_json (3.5.0)
  - NVActivityIndicatorView (4.8.0):
    - NVActivityIndicatorView/Presenter (= 4.8.0)
  - NVActivityIndicatorView/Presenter (4.8.0)

DEPENDENCIES:
  - nlohmann_json (~> 3.5.0)
  - NVActivityIndicatorView

SPEC REPOS:
  trunk:
    - nlohmann_json
    - NVActivityIndicatorView

SPEC CHECKSUMS:
  nlohmann_json: 022916edfe803dbae86ada9799ca550f005e1daf
  NVActivityIndicatorView: d24b7ebcf80af5dcd994adb650e2b6c93379270f

PODFILE CHECKSUM: cb7ff658bffa40a3ae4cfedb1babe2831c731fd1

COCOAPODS: 1.8.4
